
Microsoft Visual Studio Solution File, Format Version 12.00
Project("{FAE04EC0-301F-11D3-BF4B-00C04F79EFBC}") = "PG3302_02_Task1", "PG3302_02_Task1\PG3302_02_Task1.csproj", "{63405CD1-9CB6-4906-A5E1-8CE08CE5352D}"
EndProject
Global
	GlobalSection(SolutionConfigurationPlatforms) = preSolution
		Debug|Any CPU = Debug|Any CPU
		Release|Any CPU = Release|Any CPU
	EndGlobalSection
	GlobalSection(ProjectConfigurationPlatforms) = postSolution
		{63405CD1-9CB6-4906-A5E1-8CE08CE5352D}.Debug|Any CPU.ActiveCfg = Debug|Any CPU
		{63405CD1-9CB6-4906-A5E1-8CE08CE5352D}.Debug|Any CPU.Build.0 = Debug|Any CPU
		{63405CD1-9CB6-4906-A5E1-8CE08CE5352D}.Release|Any CPU.ActiveCfg = Release|Any CPU
		{63405CD1-9CB6-4906-A5E1-8CE08CE5352D}.Release|Any CPU.Build.0 = Release|Any CPU
	EndGlobalSection
EndGlobal
